
Microsoft Visual Studio Solution File, Format Version 12.00
# Visual Studio Version 17
VisualStudioVersion = 17.4.33205.214
MinimumVisualStudioVersion = 10.0.40219.1
Project("{FAE04EC0-301F-11D3-BF4B-00C04F79EFBC}") = "ProjetFinal", "ProjetFinal.csproj", "{60BC180C-7569-4993-8449-BECC00E6BB5D}"
EndProject
Global
	GlobalSection(SolutionConfigurationPlatforms) = preSolution
		Debug|Any CPU = Debug|Any CPU
		Release|Any CPU = Release|Any CPU
	EndGlobalSection
	GlobalSection(ProjectConfigurationPlatforms) = postSolution
		{60BC180C-7569-4993-8449-BECC00E6BB5D}.Debug|Any CPU.ActiveCfg = Debug|Any CPU
		{60BC180C-7569-4993-8449-BECC00E6BB5D}.Debug|Any CPU.Build.0 = Debug|Any CPU
		{60BC180C-7569-4993-8449-BECC00E6BB5D}.Release|Any CPU.ActiveCfg = Release|Any CPU
		{60BC180C-7569-4993-8449-BECC00E6BB5D}.Release|Any CPU.Build.0 = Release|Any CPU
	EndGlobalSection
	GlobalSection(SolutionProperties) = preSolution
		HideSolutionNode = FALSE
	EndGlobalSection
	GlobalSection(ExtensibilityGlobals) = postSolution
		SolutionGuid = {CAD6DB92-3006-4C1F-8915-C551EDA910BC}
	EndGlobalSection
EndGlobal
